
Microsoft Visual Studio Solution File, Format Version 12.00
# Visual Studio Version 17
VisualStudioVersion = 17.13.35825.156
MinimumVisualStudioVersion = 10.0.40219.1
Project("{E24C65DC-7377-472B-9ABA-BC803B73C61A}") = "WMM", "WMM\", "{DB5266DC-C7A5-A810-D6CA-483427F939DF}"
	ProjectSection(WebsiteProperties) = preProject
		TargetFrameworkMoniker = ".NETFramework,Version%3Dv4.8"
		Debug.AspNetCompiler.VirtualPath = "/localhost_51955"
		Debug.AspNetCompiler.PhysicalPath = "WMM\"
		Debug.AspNetCompiler.TargetPath = "PrecompiledWeb\localhost_51955\"
		Debug.AspNetCompiler.Updateable = "true"
		Debug.AspNetCompiler.ForceOverwrite = "true"
		Debug.AspNetCompiler.FixedNames = "false"
		Debug.AspNetCompiler.Debug = "True"
		Release.AspNetCompiler.VirtualPath = "/localhost_51955"
		Release.AspNetCompiler.PhysicalPath = "WMM\"
		Release.AspNetCompiler.TargetPath = "PrecompiledWeb\localhost_51955\"
		Release.AspNetCompiler.Updateable = "true"
		Release.AspNetCompiler.ForceOverwrite = "true"
		Release.AspNetCompiler.FixedNames = "false"
		Release.AspNetCompiler.Debug = "False"
		VWDPort = "51955"
		SlnRelativePath = "WMM\"
		DefaultWebSiteLanguage = "Visual C#"
	EndProjectSection
EndProject
Global
	GlobalSection(SolutionConfigurationPlatforms) = preSolution
		Debug|Any CPU = Debug|Any CPU
	EndGlobalSection
	GlobalSection(ProjectConfigurationPlatforms) = postSolution
		{DB5266DC-C7A5-A810-D6CA-483427F939DF}.Debug|Any CPU.ActiveCfg = Debug|Any CPU
		{DB5266DC-C7A5-A810-D6CA-483427F939DF}.Debug|Any CPU.Build.0 = Debug|Any CPU
	EndGlobalSection
	GlobalSection(SolutionProperties) = preSolution
		HideSolutionNode = FALSE
	EndGlobalSection
	GlobalSection(ExtensibilityGlobals) = postSolution
		SolutionGuid = {0A439BE0-D3F5-4B7A-860D-35055177EF84}
	EndGlobalSection
EndGlobal
